
Microsoft Visual Studio Solution File, Format Version 12.00
# Visual Studio Version 17
VisualStudioVersion = 17.4.33213.308
MinimumVisualStudioVersion = 10.0.40219.1
Project("{FAE04EC0-301F-11D3-BF4B-00C04F79EFBC}") = "SingletonAppSample", "SingletonAppSample\SingletonAppSample.csproj", "{94FE0DAA-B468-4B3A-B9B0-0D50FAAEE0A9}"
EndProject
Project("{2150E333-8FDC-42A3-9474-1A3956D46DE8}") = "Solution Items", "Solution Items", "{296AE885-5192-4A68-A35C-606D60785867}"
	ProjectSection(SolutionItems) = preProject
		run.bat = run.bat
	EndProjectSection
EndProject
Global
	GlobalSection(SolutionConfigurationPlatforms) = preSolution
		Debug|Any CPU = Debug|Any CPU
		Release|Any CPU = Release|Any CPU
	EndGlobalSection
	GlobalSection(ProjectConfigurationPlatforms) = postSolution
		{94FE0DAA-B468-4B3A-B9B0-0D50FAAEE0A9}.Debug|Any CPU.ActiveCfg = Debug|Any CPU
		{94FE0DAA-B468-4B3A-B9B0-0D50FAAEE0A9}.Debug|Any CPU.Build.0 = Debug|Any CPU
		{94FE0DAA-B468-4B3A-B9B0-0D50FAAEE0A9}.Release|Any CPU.ActiveCfg = Release|Any CPU
		{94FE0DAA-B468-4B3A-B9B0-0D50FAAEE0A9}.Release|Any CPU.Build.0 = Release|Any CPU
	EndGlobalSection
	GlobalSection(SolutionProperties) = preSolution
		HideSolutionNode = FALSE
	EndGlobalSection
	GlobalSection(ExtensibilityGlobals) = postSolution
		SolutionGuid = {2D88276C-E89B-4178-BC94-9D77AE00731F}
	EndGlobalSection
EndGlobal
